Microsoft Visual Studio Solution File, Format Version 12.00
# Visual Studio Version 17
VisualStudioVersion = 17.1.32328.378
MinimumVisualStudioVersion = 10.0.40219.1
Project("{FAE04EC0-301F-11D3-BF4B-00C04F79EFBC}") = "WebhooksPlugin", "WebhooksPlugin\WebhooksPlugin.csproj", "{6187A600-57A1-485D-A88E-54E639F498CA}"
EndProject
Project("{2150E333-8FDC-42A3-9474-1A3956D46DE8}") = "Solution Items", "Solution Items", "{723E67AE-8DB8-4BD7-9234-6FA88C7A4AB3}"
	ProjectSection(SolutionItems) = preProject
		.editorconfig = .editorconfig
		.gitignore = .gitignore
		build-plugin.ps1 = build-plugin.ps1
		Directory.Build.props = Directory.Build.props
		LICENSE = LICENSE
		LoupedeckPackage.yaml = LoupedeckPackage.yaml
		README.md = README.md
	EndProjectSection
EndProject
Project("{2150E333-8FDC-42A3-9474-1A3956D46DE8}") = ".github", ".github", "{AD13D4C6-72ED-4D8E-B465-6ED7D2420F3C}"
	ProjectSection(SolutionItems) = preProject
		.github\ISSUE_TEMPLATE.md = .github\ISSUE_TEMPLATE.md
		.github\PULL_REQUEST_TEMPLATE.md = .github\PULL_REQUEST_TEMPLATE.md
	EndProjectSection
EndProject
Global
	GlobalSection(SolutionConfigurationPlatforms) = preSolution
		Debug|Any CPU = Debug|Any CPU
		Release|Any CPU = Release|Any CPU
	EndGlobalSection
	GlobalSection(ProjectConfigurationPlatforms) = postSolution
		{6187A600-57A1-485D-A88E-54E639F498CA}.Debug|Any CPU.ActiveCfg = Debug|Any CPU
		{6187A600-57A1-485D-A88E-54E639F498CA}.Debug|Any CPU.Build.0 = Debug|Any CPU
		{6187A600-57A1-485D-A88E-54E639F498CA}.Release|Any CPU.ActiveCfg = Release|Any CPU
		{6187A600-57A1-485D-A88E-54E639F498CA}.Release|Any CPU.Build.0 = Release|Any CPU
	EndGlobalSection
	GlobalSection(SolutionProperties) = preSolution
		HideSolutionNode = FALSE
	EndGlobalSection
	GlobalSection(ExtensibilityGlobals) = postSolution
		SolutionGuid = {67C0F55D-B602-45A4-9E23-5F7A12159339}
	EndGlobalSection
EndGlobal
